
Microsoft Visual Studio Solution File, Format Version 12.00
# Visual Studio 2013
VisualStudioVersion = 12.0.31101.0
MinimumVisualStudioVersion = 10.0.40219.1
Project("{FAE04EC0-301F-11D3-BF4B-00C04F79EFBC}") = "MoveShapeDemo", "MoveShapeDemo\MoveShapeDemo.csproj", "{D5047C6C-5DC3-4685-83C6-208617B41928}"
EndProject
Project("{FAE04EC0-301F-11D3-BF4B-00C04F79EFBC}") = "WebShapeConsoleClient", "WebShapeConsoleClient\WebShapeConsoleClient.csproj", "{DFC5AF10-748F-49A1-A8A2-7C2318FA7EE7}"
EndProject
Project("{FAE04EC0-301F-11D3-BF4B-00C04F79EFBC}") = "GameMoveShape", "GameMoveShape\GameMoveShape.csproj", "{F2D94A6C-1A00-44D1-8D29-58054B7B279A}"
EndProject
Project("{FAE04EC0-301F-11D3-BF4B-00C04F79EFBC}") = "MoveShapeDemoClient", "MoveShapeDemoClient\MoveShapeDemoClient.csproj", "{F90E8B06-500C-40F0-805D-698D28C013DF}"
EndProject
Global
	GlobalSection(SolutionConfigurationPlatforms) = preSolution
		Debug|Any CPU = Debug|Any CPU
		Debug|ARM = Debug|ARM
		Debug|Mixed Platforms = Debug|Mixed Platforms
		Debug|x64 = Debug|x64
		Debug|x86 = Debug|x86
		Release|Any CPU = Release|Any CPU
		Release|ARM = Release|ARM
		Release|Mixed Platforms = Release|Mixed Platforms
		Release|x64 = Release|x64
		Release|x86 = Release|x86
	EndGlobalSection
	GlobalSection(ProjectConfigurationPlatforms) = postSolution
		{D5047C6C-5DC3-4685-83C6-208617B41928}.Debug|Any CPU.ActiveCfg = Debug|Any CPU
		{D5047C6C-5DC3-4685-83C6-208617B41928}.Debug|Any CPU.Build.0 = Debug|Any CPU
		{D5047C6C-5DC3-4685-83C6-208617B41928}.Debug|ARM.ActiveCfg = Debug|Any CPU
		{D5047C6C-5DC3-4685-83C6-208617B41928}.Debug|Mixed Platforms.ActiveCfg = Debug|Any CPU
		{D5047C6C-5DC3-4685-83C6-208617B41928}.Debug|Mixed Platforms.Build.0 = Debug|Any CPU
		{D5047C6C-5DC3-4685-83C6-208617B41928}.Debug|x64.ActiveCfg = Debug|Any CPU
		{D5047C6C-5DC3-4685-83C6-208617B41928}.Debug|x86.ActiveCfg = Debug|Any CPU
		{D5047C6C-5DC3-4685-83C6-208617B41928}.Release|Any CPU.ActiveCfg = Release|Any CPU
		{D5047C6C-5DC3-4685-83C6-208617B41928}.Release|Any CPU.Build.0 = Release|Any CPU
		{D5047C6C-5DC3-4685-83C6-208617B41928}.Release|ARM.ActiveCfg = Release|Any CPU
		{D5047C6C-5DC3-4685-83C6-208617B41928}.Release|Mixed Platforms.ActiveCfg = Release|Any CPU
		{D5047C6C-5DC3-4685-83C6-208617B41928}.Release|Mixed Platforms.Build.0 = Release|Any CPU
		{D5047C6C-5DC3-4685-83C6-208617B41928}.Release|x64.ActiveCfg = Release|Any CPU
		{D5047C6C-5DC3-4685-83C6-208617B41928}.Release|x86.ActiveCfg = Release|Any CPU
		{DFC5AF10-748F-49A1-A8A2-7C2318FA7EE7}.Debug|Any CPU.ActiveCfg = Debug|Any CPU
		{DFC5AF10-748F-49A1-A8A2-7C2318FA7EE7}.Debug|Any CPU.Build.0 = Debug|Any CPU
		{DFC5AF10-748F-49A1-A8A2-7C2318FA7EE7}.Debug|ARM.ActiveCfg = Debug|Any CPU
		{DFC5AF10-748F-49A1-A8A2-7C2318FA7EE7}.Debug|Mixed Platforms.ActiveCfg = Debug|Any CPU
		{DFC5AF10-748F-49A1-A8A2-7C2318FA7EE7}.Debug|Mixed Platforms.Build.0 = Debug|Any CPU
		{DFC5AF10-748F-49A1-A8A2-7C2318FA7EE7}.Debug|x64.ActiveCfg = Debug|Any CPU
		{DFC5AF10-748F-49A1-A8A2-7C2318FA7EE7}.Debug|x86.ActiveCfg = Debug|Any CPU
		{DFC5AF10-748F-49A1-A8A2-7C2318FA7EE7}.Release|Any CPU.ActiveCfg = Release|Any CPU
		{DFC5AF10-748F-49A1-A8A2-7C2318FA7EE7}.Release|Any CPU.Build.0 = Release|Any CPU
		{DFC5AF10-748F-49A1-A8A2-7C2318FA7EE7}.Release|ARM.ActiveCfg = Release|Any CPU
		{DFC5AF10-748F-49A1-A8A2-7C2318FA7EE7}.Release|Mixed Platforms.ActiveCfg = Release|Any CPU
		{DFC5AF10-748F-49A1-A8A2-7C2318FA7EE7}.Release|Mixed Platforms.Build.0 = Release|Any CPU
		{DFC5AF10-748F-49A1-A8A2-7C2318FA7EE7}.Release|x64.ActiveCfg = Release|Any CPU
		{DFC5AF10-748F-49A1-A8A2-7C2318FA7EE7}.Release|x86.ActiveCfg = Release|Any CPU
		{F2D94A6C-1A00-44D1-8D29-58054B7B279A}.Debug|Any CPU.ActiveCfg = Debug|x86
		{F2D94A6C-1A00-44D1-8D29-58054B7B279A}.Debug|ARM.ActiveCfg = Debug|x86
		{F2D94A6C-1A00-44D1-8D29-58054B7B279A}.Debug|Mixed Platforms.ActiveCfg = Debug|x86
		{F2D94A6C-1A00-44D1-8D29-58054B7B279A}.Debug|Mixed Platforms.Build.0 = Debug|x86
		{F2D94A6C-1A00-44D1-8D29-58054B7B279A}.Debug|x64.ActiveCfg = Debug|x86
		{F2D94A6C-1A00-44D1-8D29-58054B7B279A}.Debug|x86.ActiveCfg = Debug|x86
		{F2D94A6C-1A00-44D1-8D29-58054B7B279A}.Debug|x86.Build.0 = Debug|x86
		{F2D94A6C-1A00-44D1-8D29-58054B7B279A}.Release|Any CPU.ActiveCfg = Release|x86
		{F2D94A6C-1A00-44D1-8D29-58054B7B279A}.Release|ARM.ActiveCfg = Release|x86
		{F2D94A6C-1A00-44D1-8D29-58054B7B279A}.Release|Mixed Platforms.ActiveCfg = Release|x86
		{F2D94A6C-1A00-44D1-8D29-58054B7B279A}.Release|Mixed Platforms.Build.0 = Release|x86
		{F2D94A6C-1A00-44D1-8D29-58054B7B279A}.Release|x64.ActiveCfg = Release|x86
		{F2D94A6C-1A00-44D1-8D29-58054B7B279A}.Release|x86.ActiveCfg = Release|x86
		{F2D94A6C-1A00-44D1-8D29-58054B7B279A}.Release|x86.Build.0 = Release|x86
		{F90E8B06-500C-40F0-805D-698D28C013DF}.Debug|Any CPU.ActiveCfg = Debug|Any CPU
		{F90E8B06-500C-40F0-805D-698D28C013DF}.Debug|Any CPU.Build.0 = Debug|Any CPU
		{F90E8B06-500C-40F0-805D-698D28C013DF}.Debug|Any CPU.Deploy.0 = Debug|Any CPU
		{F90E8B06-500C-40F0-805D-698D28C013DF}.Debug|ARM.ActiveCfg = Debug|ARM
		{F90E8B06-500C-40F0-805D-698D28C013DF}.Debug|ARM.Build.0 = Debug|ARM
		{F90E8B06-500C-40F0-805D-698D28C013DF}.Debug|ARM.Deploy.0 = Debug|ARM
		{F90E8B06-500C-40F0-805D-698D28C013DF}.Debug|Mixed Platforms.ActiveCfg = Debug|x86
		{F90E8B06-500C-40F0-805D-698D28C013DF}.Debug|Mixed Platforms.Build.0 = Debug|x86
		{F90E8B06-500C-40F0-805D-698D28C013DF}.Debug|Mixed Platforms.Deploy.0 = Debug|x86
		{F90E8B06-500C-40F0-805D-698D28C013DF}.Debug|x64.ActiveCfg = Debug|x64
		{F90E8B06-500C-40F0-805D-698D28C013DF}.Debug|x64.Build.0 = Debug|x64
		{F90E8B06-500C-40F0-805D-698D28C013DF}.Debug|x64.Deploy.0 = Debug|x64
		{F90E8B06-500C-40F0-805D-698D28C013DF}.Debug|x86.ActiveCfg = Debug|x86
		{F90E8B06-500C-40F0-805D-698D28C013DF}.Debug|x86.Build.0 = Debug|x86
		{F90E8B06-500C-40F0-805D-698D28C013DF}.Debug|x86.Deploy.0 = Debug|x86
		{F90E8B06-500C-40F0-805D-698D28C013DF}.Release|Any CPU.ActiveCfg = Release|Any CPU
		{F90E8B06-500C-40F0-805D-698D28C013DF}.Release|Any CPU.Build.0 = Release|Any CPU
		{F90E8B06-500C-40F0-805D-698D28C013DF}.Release|Any CPU.Deploy.0 = Release|Any CPU
		{F90E8B06-500C-40F0-805D-698D28C013DF}.Release|ARM.ActiveCfg = Release|ARM
		{F90E8B06-500C-40F0-805D-698D28C013DF}.Release|ARM.Build.0 = Release|ARM
		{F90E8B06-500C-40F0-805D-698D28C013DF}.Release|ARM.Deploy.0 = Release|ARM
		{F90E8B06-500C-40F0-805D-698D28C013DF}.Release|Mixed Platforms.ActiveCfg = Release|x86
		{F90E8B06-500C-40F0-805D-698D28C013DF}.Release|Mixed Platforms.Build.0 = Release|x86
		{F90E8B06-500C-40F0-805D-698D28C013DF}.Release|Mixed Platforms.Deploy.0 = Release|x86
		{F90E8B06-500C-40F0-805D-698D28C013DF}.Release|x64.ActiveCfg = Release|x64
		{F90E8B06-500C-40F0-805D-698D28C013DF}.Release|x64.Build.0 = Release|x64
		{F90E8B06-500C-40F0-805D-698D28C013DF}.Release|x64.Deploy.0 = Release|x64
		{F90E8B06-500C-40F0-805D-698D28C013DF}.Release|x86.ActiveCfg = Release|x86
		{F90E8B06-500C-40F0-805D-698D28C013DF}.Release|x86.Build.0 = Release|x86
		{F90E8B06-500C-40F0-805D-698D28C013DF}.Release|x86.Deploy.0 = Release|x86
	EndGlobalSection
	GlobalSection(SolutionProperties) = preSolution
		HideSolutionNode = FALSE
	EndGlobalSection
EndGlobal
